# THIS IS AN AUTOGENERATED FILE. DO NOT EDIT THIS FILE DIRECTLY.
# yarn lockfile v1


"@hapi/boom@9.x.x":
  "integrity" "sha512-VNR8eDbBrOxBgbkddRYIe7+8DZ+vSbV6qlmaN2x7eWjsUjy2VmQgChkOKcVZIeupEZYj+I0dqNg430OhwzagjA=="
  "resolved" "https://registry.npmjs.org/@hapi/boom/-/boom-9.1.1.tgz"
  "version" "9.1.1"
  dependencies:
    "@hapi/hoek" "9.x.x"

"@hapi/bourne@2.x.x":
  "integrity" "sha512-WEezM1FWztfbzqIUbsDzFRVMxSoLy3HugVcux6KDDtTqzPsLE8NDRHfXvev66aH1i2oOKKar3/XDjbvh/OUBdg=="
  "resolved" "https://registry.npmjs.org/@hapi/bourne/-/bourne-2.0.0.tgz"
  "version" "2.0.0"

"@hapi/hoek@^9.0.0", "@hapi/hoek@^9.0.4", "@hapi/hoek@9.x.x":
  "integrity" "sha512-CAEbWH7OIur6jEOzaai83jq3FmKmv4PmX1JYfs9IrYcGEVI/lyL1EXJGCj7eFVJ0bg5QR8LMxBlEtA+xKiLpFw=="
  "resolved" "https://registry.npmjs.org/@hapi/hoek/-/hoek-9.1.1.tgz"
  "version" "9.1.1"

"@hapi/topo@^5.0.0":
  "integrity" "sha512-tFJlT47db0kMqVm3H4nQYgn6Pwg10GTZHb1pwmSiv1K4ks6drQOtfEF5ZnPjkvC+y4/bUPHK+bc87QvLcL+WMw=="
  "resolved" "https://registry.npmjs.org/@hapi/topo/-/topo-5.0.0.tgz"
  "version" "5.0.0"
  dependencies:
    "@hapi/hoek" "^9.0.0"

"@hapi/wreck@^17.0.0":
  "integrity" "sha512-nx6sFyfqOpJ+EFrHX+XWwJAxs3ju4iHdbB/bwR8yTNZOiYmuhA8eCe7lYPtYmb4j7vyK/SlbaQsmTtUrMvPEBw=="
  "resolved" "https://registry.npmjs.org/@hapi/wreck/-/wreck-17.1.0.tgz"
  "version" "17.1.0"
  dependencies:
    "@hapi/boom" "9.x.x"
    "@hapi/bourne" "2.x.x"
    "@hapi/hoek" "9.x.x"

"@sideway/address@^4.1.0":
  "integrity" "sha512-+I5aaQr3m0OAmMr7RQ3fR9zx55sejEYR2BFJaxL+zT3VM2611X0SHvPWIbAUBZVTn/YzYKbV8gJ2oT/QELknfQ=="
  "resolved" "https://registry.npmjs.org/@sideway/address/-/address-4.1.1.tgz"
  "version" "4.1.1"
  dependencies:
    "@hapi/hoek" "^9.0.0"

"@sideway/formula@^3.0.0":
  "integrity" "sha512-vHe7wZ4NOXVfkoRb8T5otiENVlT7a3IAiw7H5M2+GO+9CDgcVUUsX1zalAztCmwyOr2RUTGJdgB+ZvSVqmdHmg=="
  "resolved" "https://registry.npmjs.org/@sideway/formula/-/formula-3.0.0.tgz"
  "version" "3.0.0"

"@sideway/pinpoint@^2.0.0":
  "integrity" "sha512-RNiOoTPkptFtSVzQevY/yWtZwf/RxyVnPy/OcA9HBM3MlGDnBEYL5B41H0MTn0Uec8Hi+2qUtTfG2WWZBmMejQ=="
  "resolved" "https://registry.npmjs.org/@sideway/pinpoint/-/pinpoint-2.0.0.tgz"
  "version" "2.0.0"

"@types/node@^14.14.25":
  "integrity" "sha512-EPpXLOVqDvisVxtlbvzfyqSsFeQxltFbluZNRndIb8tr9KiBnYNLzrc1N3pyKUCww2RNrfHDViqDWWE1LCJQtQ=="
  "resolved" "https://registry.npmjs.org/@types/node/-/node-14.14.25.tgz"
  "version" "14.14.25"

"@types/simple-oauth2@^4.1.0":
  "integrity" "sha512-FkAXBdBDFU6i2Rj+N/Sr5bZO8zrMnFnSvyzWtEUXgj7jdDZ0bcgxJ134ctwZbmNvSUzS4Qvt+NvszSbw8Zq+qg=="
  "resolved" "https://registry.npmjs.org/@types/simple-oauth2/-/simple-oauth2-4.1.0.tgz"
  "version" "4.1.0"

"debug@^4.1.1":
  "integrity" "sha512-pYAIzeRo8J6KPEaJ0VWOh5Pzkbw/RetuzehGM7QRRX5he4fPHx2rdKMB256ehJCkX+XRQm16eZLqLNS8RSZXZw=="
  "resolved" "https://registry.npmjs.org/debug/-/debug-4.1.1.tgz"
  "version" "4.1.1"
  dependencies:
    "ms" "^2.1.1"

"joi@^17.3.0":
  "integrity" "sha512-F4WiW2xaV6wc1jxete70Rw4V/VuMd6IN+a5ilZsxG4uYtUXWu2kq9W5P2dz30e7Gmw8RCbY/u/uk+dMPma9tAg=="
  "resolved" "https://registry.npmjs.org/joi/-/joi-17.4.0.tgz"
  "version" "17.4.0"
  dependencies:
    "@hapi/hoek" "^9.0.0"
    "@hapi/topo" "^5.0.0"
    "@sideway/address" "^4.1.0"
    "@sideway/formula" "^3.0.0"
    "@sideway/pinpoint" "^2.0.0"

"ms@^2.1.1":
  "integrity" "sha512-sGkPx+VjMtmA6MX27oA4FBFELFCZZ4S4XqeGOXCv68tT+jb3vk/RyaKWP0PTKyWtmLSM0b+adUTEvbs1PEaH2w=="
  "resolved" "https://registry.npmjs.org/ms/-/ms-2.1.2.tgz"
  "version" "2.1.2"

"simple-oauth2@^4.2.0":
  "integrity" "sha512-AV62tGdq9JfLd/uveKpeNtQl+VVm89a35QKlwGuvisYIjCoz2ZmTGRGuSIGiYr+QUhSKJ5kYN1jq2BBa/ac/GQ=="
  "resolved" "https://registry.npmjs.org/simple-oauth2/-/simple-oauth2-4.2.0.tgz"
  "version" "4.2.0"
  dependencies:
    "@hapi/hoek" "^9.0.4"
    "@hapi/wreck" "^17.0.0"
    "debug" "^4.1.1"
    "joi" "^17.3.0"
